
Microsoft Visual Studio Solution File, Format Version 12.00
# Visual Studio 14
VisualStudioVersion = 14.0.24720.0
MinimumVisualStudioVersion = 10.0.40219.1
Project("{FAE04EC0-301F-11D3-BF4B-00C04F79EFBC}") = "Core", "Core\Core.csproj", "{4998C68E-ED9D-4CDF-AEAA-DF519C58D6B3}"
EndProject
Project("{FAE04EC0-301F-11D3-BF4B-00C04F79EFBC}") = "DataAccess", "DataAccess\DataAccess.csproj", "{C5D2A9CC-9D76-4C54-8F0A-8C31C3FB85A9}"
EndProject
Project("{FAE04EC0-301F-11D3-BF4B-00C04F79EFBC}") = "IntegrationTests", "IntegrationTests\IntegrationTests.csproj", "{CFEE4193-826E-4008-A3A3-C1FE149D00BF}"
EndProject
Project("{FAE04EC0-301F-11D3-BF4B-00C04F79EFBC}") = "Infrastructure", "Infrastructure\Infrastructure.csproj", "{1DA82269-4411-4CCA-B7C8-9717805ACAC0}"
EndProject
Project("{FAE04EC0-301F-11D3-BF4B-00C04F79EFBC}") = "UI.WinForms", "UI.WinForms\UI.WinForms.csproj", "{2016D12F-254C-4AB6-954E-BEC81DA83B79}"
EndProject
Project("{2150E333-8FDC-42A3-9474-1A3956D46DE8}") = "Solution Items", "Solution Items", "{71A17B65-1431-43D6-8399-A11E48BE9040}"
	ProjectSection(SolutionItems) = preProject
		ExcelCombinator.exe.nlog = ExcelCombinator.exe.nlog
		ExcelCombinator.pssln = ExcelCombinator.pssln
	EndProjectSection
EndProject
Project("{FAE04EC0-301F-11D3-BF4B-00C04F79EFBC}") = "Specs", "Specs\Specs.csproj", "{C28C0B06-C1C0-49F2-BF60-DFA7A3E70260}"
EndProject
Global
	GlobalSection(SolutionConfigurationPlatforms) = preSolution
		Debug|Any CPU = Debug|Any CPU
		Release|Any CPU = Release|Any CPU
	EndGlobalSection
	GlobalSection(ProjectConfigurationPlatforms) = postSolution
		{4998C68E-ED9D-4CDF-AEAA-DF519C58D6B3}.Debug|Any CPU.ActiveCfg = Debug|Any CPU
		{4998C68E-ED9D-4CDF-AEAA-DF519C58D6B3}.Debug|Any CPU.Build.0 = Debug|Any CPU
		{4998C68E-ED9D-4CDF-AEAA-DF519C58D6B3}.Release|Any CPU.ActiveCfg = Release|Any CPU
		{4998C68E-ED9D-4CDF-AEAA-DF519C58D6B3}.Release|Any CPU.Build.0 = Release|Any CPU
		{C5D2A9CC-9D76-4C54-8F0A-8C31C3FB85A9}.Debug|Any CPU.ActiveCfg = Debug|Any CPU
		{C5D2A9CC-9D76-4C54-8F0A-8C31C3FB85A9}.Debug|Any CPU.Build.0 = Debug|Any CPU
		{C5D2A9CC-9D76-4C54-8F0A-8C31C3FB85A9}.Release|Any CPU.ActiveCfg = Release|Any CPU
		{C5D2A9CC-9D76-4C54-8F0A-8C31C3FB85A9}.Release|Any CPU.Build.0 = Release|Any CPU
		{CFEE4193-826E-4008-A3A3-C1FE149D00BF}.Debug|Any CPU.ActiveCfg = Debug|Any CPU
		{CFEE4193-826E-4008-A3A3-C1FE149D00BF}.Debug|Any CPU.Build.0 = Debug|Any CPU
		{CFEE4193-826E-4008-A3A3-C1FE149D00BF}.Release|Any CPU.ActiveCfg = Release|Any CPU
		{CFEE4193-826E-4008-A3A3-C1FE149D00BF}.Release|Any CPU.Build.0 = Release|Any CPU
		{1DA82269-4411-4CCA-B7C8-9717805ACAC0}.Debug|Any CPU.ActiveCfg = Debug|Any CPU
		{1DA82269-4411-4CCA-B7C8-9717805ACAC0}.Debug|Any CPU.Build.0 = Debug|Any CPU
		{1DA82269-4411-4CCA-B7C8-9717805ACAC0}.Release|Any CPU.ActiveCfg = Release|Any CPU
		{1DA82269-4411-4CCA-B7C8-9717805ACAC0}.Release|Any CPU.Build.0 = Release|Any CPU
		{2016D12F-254C-4AB6-954E-BEC81DA83B79}.Debug|Any CPU.ActiveCfg = Debug|Any CPU
		{2016D12F-254C-4AB6-954E-BEC81DA83B79}.Debug|Any CPU.Build.0 = Debug|Any CPU
		{2016D12F-254C-4AB6-954E-BEC81DA83B79}.Release|Any CPU.ActiveCfg = Release|Any CPU
		{2016D12F-254C-4AB6-954E-BEC81DA83B79}.Release|Any CPU.Build.0 = Release|Any CPU
		{C28C0B06-C1C0-49F2-BF60-DFA7A3E70260}.Debug|Any CPU.ActiveCfg = Debug|Any CPU
		{C28C0B06-C1C0-49F2-BF60-DFA7A3E70260}.Debug|Any CPU.Build.0 = Debug|Any CPU
		{C28C0B06-C1C0-49F2-BF60-DFA7A3E70260}.Release|Any CPU.ActiveCfg = Release|Any CPU
		{C28C0B06-C1C0-49F2-BF60-DFA7A3E70260}.Release|Any CPU.Build.0 = Release|Any CPU
	EndGlobalSection
	GlobalSection(SolutionProperties) = preSolution
		HideSolutionNode = FALSE
	EndGlobalSection
EndGlobal
